
Microsoft Visual Studio Solution File, Format Version 12.00
# Visual Studio Version 17
VisualStudioVersion = 17.12.35527.113 d17.12
MinimumVisualStudioVersion = 10.0.40219.1
Project("{FAE04EC0-301F-11D3-BF4B-00C04F79EFBC}") = "Opal", "Opal.csproj", "{A8C16EFD-6837-49ED-9535-9257A530CC52}"
EndProject
Project("{FAE04EC0-301F-11D3-BF4B-00C04F79EFBC}") = "Testing", "..\Testing\Testing.csproj", "{918CCFD6-B0E7-49DA-9DBC-0CAF3AF3F490}"
EndProject
Global
	GlobalSection(SolutionConfigurationPlatforms) = preSolution
		Debug|Any CPU = Debug|Any CPU
		Release|Any CPU = Release|Any CPU
	EndGlobalSection
	GlobalSection(ProjectConfigurationPlatforms) = postSolution
		{A8C16EFD-6837-49ED-9535-9257A530CC52}.Debug|Any CPU.ActiveCfg = Debug|Any CPU
		{A8C16EFD-6837-49ED-9535-9257A530CC52}.Debug|Any CPU.Build.0 = Debug|Any CPU
		{A8C16EFD-6837-49ED-9535-9257A530CC52}.Release|Any CPU.ActiveCfg = Release|Any CPU
		{A8C16EFD-6837-49ED-9535-9257A530CC52}.Release|Any CPU.Build.0 = Release|Any CPU
		{918CCFD6-B0E7-49DA-9DBC-0CAF3AF3F490}.Debug|Any CPU.ActiveCfg = Debug|Any CPU
		{918CCFD6-B0E7-49DA-9DBC-0CAF3AF3F490}.Debug|Any CPU.Build.0 = Debug|Any CPU
		{918CCFD6-B0E7-49DA-9DBC-0CAF3AF3F490}.Release|Any CPU.ActiveCfg = Release|Any CPU
		{918CCFD6-B0E7-49DA-9DBC-0CAF3AF3F490}.Release|Any CPU.Build.0 = Release|Any CPU
	EndGlobalSection
	GlobalSection(SolutionProperties) = preSolution
		HideSolutionNode = FALSE
	EndGlobalSection
EndGlobal
